
Microsoft Visual Studio Solution File, Format Version 12.00
# Visual Studio Version 17
VisualStudioVersion = 17.6.33723.286
MinimumVisualStudioVersion = 10.0.40219.1
Project("{FAE04EC0-301F-11D3-BF4B-00C04F79EFBC}") = "GeradorSenhaSalt", "GeradorSenhaSalt\GeradorSenhaSalt.csproj", "{022FAA40-B217-48B5-889C-ECDBB0513086}"
EndProject
Global
	GlobalSection(SolutionConfigurationPlatforms) = preSolution
		Debug|Any CPU = Debug|Any CPU
		Release|Any CPU = Release|Any CPU
	EndGlobalSection
	GlobalSection(ProjectConfigurationPlatforms) = postSolution
		{022FAA40-B217-48B5-889C-ECDBB0513086}.Debug|Any CPU.ActiveCfg = Debug|Any CPU
		{022FAA40-B217-48B5-889C-ECDBB0513086}.Debug|Any CPU.Build.0 = Debug|Any CPU
		{022FAA40-B217-48B5-889C-ECDBB0513086}.Release|Any CPU.ActiveCfg = Release|Any CPU
		{022FAA40-B217-48B5-889C-ECDBB0513086}.Release|Any CPU.Build.0 = Release|Any CPU
	EndGlobalSection
	GlobalSection(SolutionProperties) = preSolution
		HideSolutionNode = FALSE
	EndGlobalSection
	GlobalSection(ExtensibilityGlobals) = postSolution
		SolutionGuid = {C2357BD7-9A0D-443A-9F8C-2152C85F834B}
	EndGlobalSection
EndGlobal
